
Microsoft Visual Studio Solution File, Format Version 12.00
# Visual Studio Version 17
VisualStudioVersion = 17.10.35013.160
MinimumVisualStudioVersion = 10.0.40219.1
Project("{FAE04EC0-301F-11D3-BF4B-00C04F79EFBC}") = "CourseWeb", "CourseWeb\CourseWeb.csproj", "{3A6BD075-9723-4F36-ADC1-FCDE10ECC350}"
EndProject
Project("{FAE04EC0-301F-11D3-BF4B-00C04F79EFBC}") = "CourseRazorWeb_Temp", "CourseRazorWeb_Temp\CourseRazorWeb_Temp.csproj", "{5BB2A3A5-0754-4487-9A6F-A86132EED09B}"
EndProject
Project("{FAE04EC0-301F-11D3-BF4B-00C04F79EFBC}") = "DI_Service", "DI_Service\DI_Service.csproj", "{98F613FE-2AB0-46BF-92FD-73DFE0EFDBCE}"
EndProject
Global
	GlobalSection(SolutionConfigurationPlatforms) = preSolution
		Debug|Any CPU = Debug|Any CPU
		Release|Any CPU = Release|Any CPU
	EndGlobalSection
	GlobalSection(ProjectConfigurationPlatforms) = postSolution
		{3A6BD075-9723-4F36-ADC1-FCDE10ECC350}.Debug|Any CPU.ActiveCfg = Debug|Any CPU
		{3A6BD075-9723-4F36-ADC1-FCDE10ECC350}.Debug|Any CPU.Build.0 = Debug|Any CPU
		{3A6BD075-9723-4F36-ADC1-FCDE10ECC350}.Release|Any CPU.ActiveCfg = Release|Any CPU
		{3A6BD075-9723-4F36-ADC1-FCDE10ECC350}.Release|Any CPU.Build.0 = Release|Any CPU
		{5BB2A3A5-0754-4487-9A6F-A86132EED09B}.Debug|Any CPU.ActiveCfg = Debug|Any CPU
		{5BB2A3A5-0754-4487-9A6F-A86132EED09B}.Debug|Any CPU.Build.0 = Debug|Any CPU
		{5BB2A3A5-0754-4487-9A6F-A86132EED09B}.Release|Any CPU.ActiveCfg = Release|Any CPU
		{5BB2A3A5-0754-4487-9A6F-A86132EED09B}.Release|Any CPU.Build.0 = Release|Any CPU
		{98F613FE-2AB0-46BF-92FD-73DFE0EFDBCE}.Debug|Any CPU.ActiveCfg = Debug|Any CPU
		{98F613FE-2AB0-46BF-92FD-73DFE0EFDBCE}.Debug|Any CPU.Build.0 = Debug|Any CPU
		{98F613FE-2AB0-46BF-92FD-73DFE0EFDBCE}.Release|Any CPU.ActiveCfg = Release|Any CPU
		{98F613FE-2AB0-46BF-92FD-73DFE0EFDBCE}.Release|Any CPU.Build.0 = Release|Any CPU
	EndGlobalSection
	GlobalSection(SolutionProperties) = preSolution
		HideSolutionNode = FALSE
	EndGlobalSection
	GlobalSection(ExtensibilityGlobals) = postSolution
		SolutionGuid = {3581C0AC-5AD6-44D3-9862-FB9CA2EDD647}
	EndGlobalSection
EndGlobal
